lockfileVersion: '6.0'

settings:
  autoInstallPeers: true
  excludeLinksFromLockfile: false

dependencies:
  vscode-languageclient:
    specifier: ^8.1.0
    version: 8.1.0

devDependencies:
  '@types/vscode':
    specifier: ^1.81.0
    version: 1.81.0
  '@vscode/test-electron':
    specifier: ^2.3.4
    version: 2.3.4

packages:

  /@tootallnate/once@1.1.2:
    resolution: {integrity: sha512-RbzJvlNzmRq5c3O09UipeuXno4tA1FE6ikOjxZK0tuxVv3412l64l5t1W5pj4+rJq9vpkm/kwiR07aZXnsKPxw==}
    engines: {node: '>= 6'}
    dev: true

  /@types/vscode@1.81.0:
    resolution: {integrity: sha512-YIaCwpT+O2E7WOMq0eCgBEABE++SX3Yl/O02GoMIF2DO3qAtvw7m6BXFYsxnc6XyzwZgh6/s/UG78LSSombl2w==}
    dev: true

  /@vscode/test-electron@2.3.4:
    resolution: {integrity: sha512-eWzIqXMhvlcoXfEFNWrVu/yYT5w6De+WZXR/bafUQhAp8+8GkQo95Oe14phwiRUPv8L+geAKl/QM2+PoT3YW3g==}
    engines: {node: '>=16'}
    dependencies:
      http-proxy-agent: 4.0.1
      https-proxy-agent: 5.0.1
      jszip: 3.10.1
      semver: 7.5.4
    transitivePeerDependencies:
      - supports-color
    dev: true

  /agent-base@6.0.2:
    resolution: {integrity: sha512-RZNwNclF7+MS/8bDg70amg32dyeZGZxiDuQmZxKLAlQjr3jGyLx+4Kkk58UO7D2QdgFIQCovuSuZESne6RG6XQ==}
    engines: {node: '>= 6.0.0'}
    dependencies:
      debug: 4.3.4
    transitivePeerDependencies:
      - supports-color
    dev: true

  /balanced-match@1.0.2:
    resolution: {integrity: sha512-3oSeUO0TMV67hN1AmbXsK4yaqU7tjiHlbxRDZOpH0KW9+CeX4bRAaX0Anxt0tx2MrpRpWwQaPwIlISEJhYU5Pw==}
    dev: false

  /brace-expansion@2.0.1:
    resolution: {integrity: sha512-XnAIvQ8eM+kC6aULx6wuQiwVsnzsi9d3WxzV3FpWTGA19F621kwdbsAcFKXgKUHZWsy+mY6iL1sHTxWEFCytDA==}
    dependencies:
      balanced-match: 1.0.2
    dev: false

  /core-util-is@1.0.3:
    resolution: {integrity: sha512-ZQBvi1DcpJ4GDqanjucZ2Hj3wEO5pZDS89BWbkcrvdxksJorwUDDZamX9ldFkp9aw2lmBDLgkObEA4DWNJ9FYQ==}
    dev: true

  /debug@4.3.4:
    resolution: {integrity: sha512-PRWFHuSU3eDtQJPvnNY7Jcket1j0t5OuOsFzPPzsekD52Zl8qUfFIPEiswXqIvHWGVHOgX+7G/vCNNhehwxfkQ==}
    engines: {node: '>=6.0'}
    peerDependencies:
      supports-color: '*'
    peerDependenciesMeta:
      supports-color:
        optional: true
    dependencies:
      ms: 2.1.2
    dev: true

  /http-proxy-agent@4.0.1:
    resolution: {integrity: sha512-k0zdNgqWTGA6aeIRVpvfVob4fL52dTfaehylg0Y4UvSySvOq/Y+BOyPrgpUrA7HylqvU8vIZGsRuXmspskV0Tg==}
    engines: {node: '>= 6'}
    dependencies:
      '@tootallnate/once': 1.1.2
      agent-base: 6.0.2
      debug: 4.3.4
    transitivePeerDependencies:
      - supports-color
    dev: true

  /https-proxy-agent@5.0.1:
    resolution: {integrity: sha512-dFcAjpTQFgoLMzC2VwU+C/CbS7uRL0lWmxDITmqm7C+7F0Odmj6s9l6alZc6AELXhrnggM2CeWSXHGOdX2YtwA==}
    engines: {node: '>= 6'}
    dependencies:
      agent-base: 6.0.2
      debug: 4.3.4
    transitivePeerDependencies:
      - supports-color
    dev: true

  /immediate@3.0.6:
    resolution: {integrity: sha512-XXOFtyqDjNDAQxVfYxuF7g9Il/IbWmmlQg2MYKOH8ExIT1qg6xc4zyS3HaEEATgs1btfzxq15ciUiY7gjSXRGQ==}
    dev: true

  /inherits@2.0.4:
    resolution: {integrity: sha512-k/vGaX4/Yla3WzyMCvTQOXYeIHvqOKtnqBduzTHpzpQZzAskKMhZ2K+EnBiSM9zGSoIFeMpXKxa4dYeZIQqewQ==}
    dev: true

  /isarray@1.0.0:
    resolution: {integrity: sha512-VLghIWNM6ELQzo7zwmcg0NmTVyWKYjvIeM83yjp0wRDTmUnrM678fQbcKBo6n2CJEF0szoG//ytg+TKla89ALQ==}
    dev: true

  /jszip@3.10.1:
    resolution: {integrity: sha512-xXDvecyTpGLrqFrvkrUSoxxfJI5AH7U8zxxtVclpsUtMCq4JQ290LY8AW5c7Ggnr/Y/oK+bQMbqK2qmtk3pN4g==}
    dependencies:
      lie: 3.3.0
      pako: 1.0.11
      readable-stream: 2.3.8
      setimmediate: 1.0.5
    dev: true

  /lie@3.3.0:
    resolution: {integrity: sha512-UaiMJzeWRlEujzAuw5LokY1L5ecNQYZKfmyZ9L7wDHb/p5etKaxXhohBcrw0EYby+G/NA52vRSN4N39dxHAIwQ==}
    dependencies:
      immediate: 3.0.6
    dev: true

  /lru-cache@6.0.0:
    resolution: {integrity: sha512-Jo6dJ04CmSjuznwJSS3pUeWmd/H0ffTlkXXgwZi+eq1UCmqQwCh+eLsYOYCwY991i2Fah4h1BEMCx4qThGbsiA==}
    engines: {node: '>=10'}
    dependencies:
      yallist: 4.0.0

  /minimatch@5.1.6:
    resolution: {integrity: sha512-lKwV/1brpG6mBUFHtb7NUmtABCb2WZZmm2wNiOA5hAb8VdCS4B3dtMWyvcoViccwAW/COERjXLt0zP1zXUN26g==}
    engines: {node: '>=10'}
    dependencies:
      brace-expansion: 2.0.1
    dev: false

  /ms@2.1.2:
    resolution: {integrity: sha512-sGkPx+VjMtmA6MX27oA4FBFELFCZZ4S4XqeGOXCv68tT+jb3vk/RyaKWP0PTKyWtmLSM0b+adUTEvbs1PEaH2w==}
    dev: true

  /pako@1.0.11:
    resolution: {integrity: sha512-4hLB8Py4zZce5s4yd9XzopqwVv/yGNhV1Bl8NTmCq1763HeK2+EwVTv+leGeL13Dnh2wfbqowVPXCIO0z4taYw==}
    dev: true

  /process-nextick-args@2.0.1:
    resolution: {integrity: sha512-3ouUOpQhtgrbOa17J7+uxOTpITYWaGP7/AhoR3+A+/1e9skrzelGi/dXzEYyvbxubEF6Wn2ypscTKiKJFFn1ag==}
    dev: true

  /readable-stream@2.3.8:
    resolution: {integrity: sha512-8p0AUk4XODgIewSi0l8Epjs+EVnWiK7NoDIEGU0HhE7+ZyY8D1IMY7odu5lRrFXGg71L15KG8QrPmum45RTtdA==}
    dependencies:
      core-util-is: 1.0.3
      inherits: 2.0.4
      isarray: 1.0.0
      process-nextick-args: 2.0.1
      safe-buffer: 5.1.2
      string_decoder: 1.1.1
      util-deprecate: 1.0.2
    dev: true

  /safe-buffer@5.1.2:
    resolution: {integrity: sha512-Gd2UZBJDkXlY7GbJxfsE8/nvKkUEU1G38c1siN6QP6a9PT9MmHB8GnpscSmMJSoF8LOIrt8ud/wPtojys4G6+g==}
    dev: true

  /semver@7.5.4:
    resolution: {integrity: sha512-1bCSESV6Pv+i21Hvpxp3Dx+pSD8lIPt8uVjRrxAUt/nbswYc+tK6Y2btiULjd4+fnq15PX+nqQDC7Oft7WkwcA==}
    engines: {node: '>=10'}
    hasBin: true
    dependencies:
      lru-cache: 6.0.0

  /setimmediate@1.0.5:
    resolution: {integrity: sha512-MATJdZp8sLqDl/68LfQmbP8zKPLQNV6BIZoIgrscFDQ+RsvK/BxeDQOgyxKKoh0y/8h3BqVFnCqQ/gd+reiIXA==}
    dev: true

  /string_decoder@1.1.1:
    resolution: {integrity: sha512-n/ShnvDi6FHbbVfviro+WojiFzv+s8MPMHBczVePfUpDJLwoLT0ht1l4YwBCbi8pJAveEEdnkHyPyTP/mzRfwg==}
    dependencies:
      safe-buffer: 5.1.2
    dev: true

  /util-deprecate@1.0.2:
    resolution: {integrity: sha512-EPD5q1uXyFxJpCrLnCc1nHnq3gOa6DZBocAIiI2TaSCA7VCJ1UJDMagCzIkXNsUYfD1daK//LTEQ8xiIbrHtcw==}
    dev: true

  /vscode-jsonrpc@8.1.0:
    resolution: {integrity: sha512-6TDy/abTQk+zDGYazgbIPc+4JoXdwC8NHU9Pbn4UJP1fehUyZmM4RHp5IthX7A6L5KS30PRui+j+tbbMMMafdw==}
    engines: {node: '>=14.0.0'}
    dev: false

  /vscode-languageclient@8.1.0:
    resolution: {integrity: sha512-GL4QdbYUF/XxQlAsvYWZRV3V34kOkpRlvV60/72ghHfsYFnS/v2MANZ9P6sHmxFcZKOse8O+L9G7Czg0NUWing==}
    engines: {vscode: ^1.67.0}
    dependencies:
      minimatch: 5.1.6
      semver: 7.5.4
      vscode-languageserver-protocol: 3.17.3
    dev: false

  /vscode-languageserver-protocol@3.17.3:
    resolution: {integrity: sha512-924/h0AqsMtA5yK22GgMtCYiMdCOtWTSGgUOkgEDX+wk2b0x4sAfLiO4NxBxqbiVtz7K7/1/RgVrVI0NClZwqA==}
    dependencies:
      vscode-jsonrpc: 8.1.0
      vscode-languageserver-types: 3.17.3
    dev: false

  /vscode-languageserver-types@3.17.3:
    resolution: {integrity: sha512-SYU4z1dL0PyIMd4Vj8YOqFvHu7Hz/enbWtpfnVbJHU4Nd1YNYx8u0ennumc6h48GQNeOLxmwySmnADouT/AuZA==}
    dev: false

  /yallist@4.0.0:
    resolution: {integrity: sha512-3wdGidZyq5PB084XLES5TpOSRA3wjXAlIWMhum2kRcv/41Sn2emQ0dycQW4uZXLejwKvg6EsvbdlVL+FYEct7A==}
